PODS:
  - CocoaAsyncSocket (7.6.4)
  - GoogleWebRTC (1.1.31999)

DEPENDENCIES:
  - CocoaAsyncSocket
  - GoogleWebRTC (~> 1.1)

SPEC REPOS:
  https://mirrors.tuna.tsinghua.edu.cn/git/CocoaPods/Specs.git:
    - CocoaAsyncSocket
    - GoogleWebRTC

SPEC CHECKSUMS:
  CocoaAsyncSocket: 694058e7c0ed05a9e217d1b3c7ded962f4180845
  GoogleWebRTC: b39a78c4f5cc6b0323415b9233db03a2faa7b0f0

PODFILE CHECKSUM: 21a6c6e89343669b314d75fc7bacfa3b31a7b8b7

COCOAPODS: 1.9.3
